
Microsoft Visual Studio Solution File, Format Version 12.00
# Visual Studio Version 16
VisualStudioVersion = 16.0.30711.63
MinimumVisualStudioVersion = 10.0.40219.1
Project("{FAE04EC0-301F-11D3-BF4B-00C04F79EFBC}") = "Blah.Server", "Blah\Server\Blah.Server.csproj", "{B6A064B3-5C6F-42B2-A26D-AB7B37AEA472}"
EndProject
Project("{FAE04EC0-301F-11D3-BF4B-00C04F79EFBC}") = "Blah.Client", "Blah\Client\Blah.Client.csproj", "{1831F687-A5BB-4E4A-82A4-6365FAF6A3AB}"
EndProject
Project("{FAE04EC0-301F-11D3-BF4B-00C04F79EFBC}") = "Blah.Shared", "Blah\Shared\Blah.Shared.csproj", "{4773C728-9E5D-47AE-8C20-1EEA056AEA19}"
EndProject
Global
	GlobalSection(SolutionConfigurationPlatforms) = preSolution
		Debug|Any CPU = Debug|Any CPU
		Release|Any CPU = Release|Any CPU
	EndGlobalSection
	GlobalSection(ProjectConfigurationPlatforms) = postSolution
		{B6A064B3-5C6F-42B2-A26D-AB7B37AEA472}.Debug|Any CPU.ActiveCfg = Debug|Any CPU
		{B6A064B3-5C6F-42B2-A26D-AB7B37AEA472}.Debug|Any CPU.Build.0 = Debug|Any CPU
		{B6A064B3-5C6F-42B2-A26D-AB7B37AEA472}.Release|Any CPU.ActiveCfg = Release|Any CPU
		{B6A064B3-5C6F-42B2-A26D-AB7B37AEA472}.Release|Any CPU.Build.0 = Release|Any CPU
		{1831F687-A5BB-4E4A-82A4-6365FAF6A3AB}.Debug|Any CPU.ActiveCfg = Debug|Any CPU
		{1831F687-A5BB-4E4A-82A4-6365FAF6A3AB}.Debug|Any CPU.Build.0 = Debug|Any CPU
		{1831F687-A5BB-4E4A-82A4-6365FAF6A3AB}.Release|Any CPU.ActiveCfg = Release|Any CPU
		{1831F687-A5BB-4E4A-82A4-6365FAF6A3AB}.Release|Any CPU.Build.0 = Release|Any CPU
		{4773C728-9E5D-47AE-8C20-1EEA056AEA19}.Debug|Any CPU.ActiveCfg = Debug|Any CPU
		{4773C728-9E5D-47AE-8C20-1EEA056AEA19}.Debug|Any CPU.Build.0 = Debug|Any CPU
		{4773C728-9E5D-47AE-8C20-1EEA056AEA19}.Release|Any CPU.ActiveCfg = Release|Any CPU
		{4773C728-9E5D-47AE-8C20-1EEA056AEA19}.Release|Any CPU.Build.0 = Release|Any CPU
	EndGlobalSection
	GlobalSection(SolutionProperties) = preSolution
		HideSolutionNode = FALSE
	EndGlobalSection
	GlobalSection(ExtensibilityGlobals) = postSolution
		SolutionGuid = {D5E72F80-1994-4F5D-9E20-3E5362E15D65}
	EndGlobalSection
EndGlobal
