
Microsoft Visual Studio Solution File, Format Version 12.00
# Visual Studio Version 16
VisualStudioVersion = 16.0.30711.63
MinimumVisualStudioVersion = 10.0.40219.1
Project("{FAE04EC0-301F-11D3-BF4B-00C04F79EFBC}") = "FrontendTest.Server", "FrontendTest\Server\FrontendTest.Server.csproj", "{29E1725D-3501-4D0F-B2FE-DB7EDF568B89}"
EndProject
Project("{FAE04EC0-301F-11D3-BF4B-00C04F79EFBC}") = "FrontendTest.Client", "FrontendTest\Client\FrontendTest.Client.csproj", "{96FDD7CE-D1BC-42FD-8E43-02E499CBA53F}"
EndProject
Project("{FAE04EC0-301F-11D3-BF4B-00C04F79EFBC}") = "FrontendTest.Shared", "FrontendTest\Shared\FrontendTest.Shared.csproj", "{0A7AD855-7E4D-4F05-817B-D2E8B93E3E67}"
EndProject
Global
	GlobalSection(SolutionConfigurationPlatforms) = preSolution
		Debug|Any CPU = Debug|Any CPU
		Release|Any CPU = Release|Any CPU
	EndGlobalSection
	GlobalSection(ProjectConfigurationPlatforms) = postSolution
		{29E1725D-3501-4D0F-B2FE-DB7EDF568B89}.Debug|Any CPU.ActiveCfg = Debug|Any CPU
		{29E1725D-3501-4D0F-B2FE-DB7EDF568B89}.Debug|Any CPU.Build.0 = Debug|Any CPU
		{29E1725D-3501-4D0F-B2FE-DB7EDF568B89}.Release|Any CPU.ActiveCfg = Release|Any CPU
		{29E1725D-3501-4D0F-B2FE-DB7EDF568B89}.Release|Any CPU.Build.0 = Release|Any CPU
		{96FDD7CE-D1BC-42FD-8E43-02E499CBA53F}.Debug|Any CPU.ActiveCfg = Debug|Any CPU
		{96FDD7CE-D1BC-42FD-8E43-02E499CBA53F}.Debug|Any CPU.Build.0 = Debug|Any CPU
		{96FDD7CE-D1BC-42FD-8E43-02E499CBA53F}.Release|Any CPU.ActiveCfg = Release|Any CPU
		{96FDD7CE-D1BC-42FD-8E43-02E499CBA53F}.Release|Any CPU.Build.0 = Release|Any CPU
		{0A7AD855-7E4D-4F05-817B-D2E8B93E3E67}.Debug|Any CPU.ActiveCfg = Debug|Any CPU
		{0A7AD855-7E4D-4F05-817B-D2E8B93E3E67}.Debug|Any CPU.Build.0 = Debug|Any CPU
		{0A7AD855-7E4D-4F05-817B-D2E8B93E3E67}.Release|Any CPU.ActiveCfg = Release|Any CPU
		{0A7AD855-7E4D-4F05-817B-D2E8B93E3E67}.Release|Any CPU.Build.0 = Release|Any CPU
	EndGlobalSection
	GlobalSection(SolutionProperties) = preSolution
		HideSolutionNode = FALSE
	EndGlobalSection
	GlobalSection(ExtensibilityGlobals) = postSolution
		SolutionGuid = {D5E72F80-1994-4F5D-9E20-3E5362E15D65}
	EndGlobalSection
EndGlobal
